
Microsoft Visual Studio Solution File, Format Version 12.00
# Visual Studio Version 16
VisualStudioVersion = 16.0.30907.101
MinimumVisualStudioVersion = 10.0.40219.1
Project("{FAE04EC0-301F-11D3-BF4B-00C04F79EFBC}") = "TempSliderBinding", "TempSliderBinding.csproj", "{559D845F-AECA-46B1-9B72-7A25B6DB0FAF}"
EndProject
Global
	GlobalSection(SolutionConfigurationPlatforms) = preSolution
		Debug|Any CPU = Debug|Any CPU
		Release|Any CPU = Release|Any CPU
	EndGlobalSection
	GlobalSection(ProjectConfigurationPlatforms) = postSolution
		{559D845F-AECA-46B1-9B72-7A25B6DB0FAF}.Debug|Any CPU.ActiveCfg = Debug|Any CPU
		{559D845F-AECA-46B1-9B72-7A25B6DB0FAF}.Debug|Any CPU.Build.0 = Debug|Any CPU
		{559D845F-AECA-46B1-9B72-7A25B6DB0FAF}.Release|Any CPU.ActiveCfg = Release|Any CPU
		{559D845F-AECA-46B1-9B72-7A25B6DB0FAF}.Release|Any CPU.Build.0 = Release|Any CPU
	EndGlobalSection
	GlobalSection(SolutionProperties) = preSolution
		HideSolutionNode = FALSE
	EndGlobalSection
	GlobalSection(ExtensibilityGlobals) = postSolution
		SolutionGuid = {7DAAD3EA-AED5-4604-8A02-75230030B4C5}
	EndGlobalSection
EndGlobal
